// !$*UTF8*$!
{
	archiveVersion = 1;
	classes = {
	};
	objectVersion = 77;
	objects = {

/* Begin PBXBuildFile section */
		5113EA352D8D544200153ECD /* 1932 정수 삼각형.swift in Sources */ = {isa = PBXBuildFile; fileRef = 5113EA342D8D543F00153ECD /* 1932 정수 삼각형.swift */; };
		51263CD82D8154F100962EF8 /* 2667 단지번호붙이기.swift in Sources */ = {isa = PBXBuildFile; fileRef = 51263CD72D8154EF00962EF8 /* 2667 단지번호붙이기.swift */; };
		51263CDA2D8169DE00962EF8 /* 10026 적록색약.swift in Sources */ = {isa = PBXBuildFile; fileRef = 51263CD92D8169D900962EF8 /* 10026 적록색약.swift */; };
		512BE4F52D80106D009F6652 /* 5430 AC.swift in Sources */ = {isa = PBXBuildFile; fileRef = 512BE4F42D801064009F6652 /* 5430 AC.swift */; };
		5161C3D12E8ED2F5009B3B24 /* 2805 나무 자르기.swift in Sources */ = {isa = PBXBuildFile; fileRef = 5161C3D02E8ED2EC009B3B24 /* 2805 나무 자르기.swift */; };
		516A87602D86C01C00B3CC2F /* 1541 잃어버린 괄호.swift in Sources */ = {isa = PBXBuildFile; fileRef = 516A875F2D86C01800B3CC2F /* 1541 잃어버린 괄호.swift */; };
		516D30B92E97A90A009EC1A7 /* 11725 트리의 부모 찾기.swift in Sources */ = {isa = PBXBuildFile; fileRef = 516D30B82E97A900009EC1A7 /* 11725 트리의 부모 찾기.swift */; };
		518B7DF72D7D8F0500B8FD67 /* 18870 좌표 압축.swift in Sources */ = {isa = PBXBuildFile; fileRef = 518B7DF62D7D8EE900B8FD67 /* 18870 좌표 압축.swift */; };
		519589162DA39A9A0046E700 /* 1956 운동.swift in Sources */ = {isa = PBXBuildFile; fileRef = 519589152DA39A920046E700 /* 1956 운동.swift */; };
		519C99182DA963DE004DB4B0 /* 16953 A → B.swift in Sources */ = {isa = PBXBuildFile; fileRef = 519C99172DA963D9004DB4B0 /* 16953 A → B.swift */; };
		519DE73F2D7D5AD900CE567D /* 1654 랜선 자르기.swift in Sources */ = {isa = PBXBuildFile; fileRef = 519DE73E2D7D5AD400CE567D /* 1654 랜선 자르기.swift */; };
		519DE7452D7D81C300CE567D /* 11404 플로이드.swift in Sources */ = {isa = PBXBuildFile; fileRef = 519DE7442D7D81B400CE567D /* 11404 플로이드.swift */; };
		51A0CEDA2DB8C631006620F3 /* 2206 벽 부수고 이동하기.swift in Sources */ = {isa = PBXBuildFile; fileRef = 51A0CED92DB8C631006620F3 /* 2206 벽 부수고 이동하기.swift */; };
		51A0CEDC2DB91C11006620F3 /* 2665 미로만들기.swift in Sources */ = {isa = PBXBuildFile; fileRef = 51A0CEDB2DB91C0B006620F3 /* 2665 미로만들기.swift */; };
		51B923A52D7EB2FC005DFB43 /* 1931 회의실 배정.swift in Sources */ = {isa = PBXBuildFile; fileRef = 51B923A42D7EB2F9005DFB43 /* 1931 회의실 배정.swift */; };
		51BDE5772E90E8F500279A05 /* 1753 최단경로.swift in Sources */ = {isa = PBXBuildFile; fileRef = 51BDE5762E90E8E800279A05 /* 1753 최단경로.swift */; };
		51BDE5792E911DDC00279A05 /* 2606 바이러스.swift in Sources */ = {isa = PBXBuildFile; fileRef = 51BDE5782E911DD700279A05 /* 2606 바이러스.swift */; };
		51BE66BC2D8A94E100B26546 /* 16928 뱀과 사다리 게임 .swift in Sources */ = {isa = PBXBuildFile; fileRef = 51BE66BB2D8A94D800B26546 /* 16928 뱀과 사다리 게임 .swift */; };
		51C071DE2D9101FD0054A606 /* 1904 01타일.swift in Sources */ = {isa = PBXBuildFile; fileRef = 51C071DD2D9101F90054A606 /* 1904 01타일.swift */; };
		51C6579F2D82BA3B00AFEB0E /* 1149 RGB거리.swift in Sources */ = {isa = PBXBuildFile; fileRef = 51C6579E2D82BA3400AFEB0E /* 1149 RGB거리.swift */; };
		51C657A72D83FFA500AFEB0E /* 1697 숨바꼭질.swift in Sources */ = {isa = PBXBuildFile; fileRef = 51C657A62D83FF9700AFEB0E /* 1697 숨바꼭질.swift */; };
		51CA3B802D8FD63C009A7CD4 /* 2133 타일 채우기.swift in Sources */ = {isa = PBXBuildFile; fileRef = 51CA3B7F2D8FD63A009A7CD4 /* 2133 타일 채우기.swift */; };
		51D7138B2D7C3B3900352F98 /* main.swift in Sources */ = {isa = PBXBuildFile; fileRef = 51D713892D7C3B3900352F98 /* main.swift */; };
		51D713952D7C58C600352F98 /* 1012 유기농 배추.swift in Sources */ = {isa = PBXBuildFile; fileRef = 51D713942D7C58BC00352F98 /* 1012 유기농 배추.swift */; };
		51D713972D7C870900352F98 /* 1003 피보나치 함수.swift in Sources */ = {isa = PBXBuildFile; fileRef = 51D713962D7C870500352F98 /* 1003 피보나치 함수.swift */; };
		51E3B5B02E8E5338002EA32A /* 2178 미로탐색.swift in Sources */ = {isa = PBXBuildFile; fileRef = 51E3B5AF2E8E5333002EA32A /* 2178 미로탐색.swift */; };
		51E3B5B22E8E5E06002EA32A /* 7576 토마토.swift in Sources */ = {isa = PBXBuildFile; fileRef = 51E3B5B12E8E5E01002EA32A /* 7576 토마토.swift */; };
		51EA48F82D87F73100695B98 /* 1389 케빈 베이컨의 6단계 법칙 .swift in Sources */ = {isa = PBXBuildFile; fileRef = 51EA48F72D87F72800695B98 /* 1389 케빈 베이컨의 6단계 법칙 .swift */; };
		51F52DBC2D93E2A8003B5018 /* 29812 아니 이게 왜 안 돼 .swift in Sources */ = {isa = PBXBuildFile; fileRef = 51F52DBB2D93E2A1003B5018 /* 29812 아니 이게 왜 안 돼 .swift */; };
		51F8E2292DB2410F00E50346 /* 15989 1, 2, 3 더하기 4.swift in Sources */ = {isa = PBXBuildFile; fileRef = 51F8E2282DB2410900E50346 /* 15989 1, 2, 3 더하기 4.swift */; };
/* End PBXBuildFile section */

/* Begin PBXCopyFilesBuildPhase section */
		51D7137B2D7C39CF00352F98 /* CopyFiles */ = {
			isa = PBXCopyFilesBuildPhase;
			buildActionMask = 2147483647;
			dstPath = /usr/share/man/man1/;
			dstSubfolderSpec = 0;
			files = (
			);
			runOnlyForDeploymentPostprocessing = 1;
		};
/* End PBXCopyFilesBuildPhase section */

/* Begin PBXFileReference section */
		5113EA342D8D543F00153ECD /* 1932 정수 삼각형.swift */ = {isa = PBXFileReference; lastKnownFileType = sourcecode.swift; path = "1932 정수 삼각형.swift"; sourceTree = "<group>"; };
		51263CD72D8154EF00962EF8 /* 2667 단지번호붙이기.swift */ = {isa = PBXFileReference; lastKnownFileType = sourcecode.swift; path = "2667 단지번호붙이기.swift"; sourceTree = "<group>"; };
		51263CD92D8169D900962EF8 /* 10026 적록색약.swift */ = {isa = PBXFileReference; lastKnownFileType = sourcecode.swift; path = "10026 적록색약.swift"; sourceTree = "<group>"; };
		512BE4F42D801064009F6652 /* 5430 AC.swift */ = {isa = PBXFileReference; lastKnownFileType = sourcecode.swift; path = "5430 AC.swift"; sourceTree = "<group>"; };
		5161C3D02E8ED2EC009B3B24 /* 2805 나무 자르기.swift */ = {isa = PBXFileReference; lastKnownFileType = sourcecode.swift; path = "2805 나무 자르기.swift"; sourceTree = "<group>"; };
		516A875F2D86C01800B3CC2F /* 1541 잃어버린 괄호.swift */ = {isa = PBXFileReference; lastKnownFileType = sourcecode.swift; path = "1541 잃어버린 괄호.swift"; sourceTree = "<group>"; };
		516D30B82E97A900009EC1A7 /* 11725 트리의 부모 찾기.swift */ = {isa = PBXFileReference; lastKnownFileType = sourcecode.swift; path = "11725 트리의 부모 찾기.swift"; sourceTree = "<group>"; };
		518B7DF62D7D8EE900B8FD67 /* 18870 좌표 압축.swift */ = {isa = PBXFileReference; lastKnownFileType = sourcecode.swift; path = "18870 좌표 압축.swift"; sourceTree = "<group>"; };
		519589152DA39A920046E700 /* 1956 운동.swift */ = {isa = PBXFileReference; lastKnownFileType = sourcecode.swift; path = "1956 운동.swift"; sourceTree = "<group>"; };
		519C99172DA963D9004DB4B0 /* 16953 A → B.swift */ = {isa = PBXFileReference; lastKnownFileType = sourcecode.swift; path = "16953 A → B.swift"; sourceTree = "<group>"; };
		519DE73E2D7D5AD400CE567D /* 1654 랜선 자르기.swift */ = {isa = PBXFileReference; lastKnownFileType = sourcecode.swift; path = "1654 랜선 자르기.swift"; sourceTree = "<group>"; };
		519DE7442D7D81B400CE567D /* 11404 플로이드.swift */ = {isa = PBXFileReference; lastKnownFileType = sourcecode.swift; path = "11404 플로이드.swift"; sourceTree = "<group>"; };
		51A0CED92DB8C631006620F3 /* 2206 벽 부수고 이동하기.swift */ = {isa = PBXFileReference; lastKnownFileType = sourcecode.swift; path = "2206 벽 부수고 이동하기.swift"; sourceTree = "<group>"; };
		51A0CEDB2DB91C0B006620F3 /* 2665 미로만들기.swift */ = {isa = PBXFileReference; lastKnownFileType = sourcecode.swift; path = "2665 미로만들기.swift"; sourceTree = "<group>"; };
		51B923A42D7EB2F9005DFB43 /* 1931 회의실 배정.swift */ = {isa = PBXFileReference; lastKnownFileType = sourcecode.swift; path = "1931 회의실 배정.swift"; sourceTree = "<group>"; };
		51BDE5762E90E8E800279A05 /* 1753 최단경로.swift */ = {isa = PBXFileReference; lastKnownFileType = sourcecode.swift; path = "1753 최단경로.swift"; sourceTree = "<group>"; };
		51BDE5782E911DD700279A05 /* 2606 바이러스.swift */ = {isa = PBXFileReference; lastKnownFileType = sourcecode.swift; path = "2606 바이러스.swift"; sourceTree = "<group>"; };
		51BE66BB2D8A94D800B26546 /* 16928 뱀과 사다리 게임 .swift */ = {isa = PBXFileReference; lastKnownFileType = sourcecode.swift; path = "16928 뱀과 사다리 게임 .swift"; sourceTree = "<group>"; };
		51C071DD2D9101F90054A606 /* 1904 01타일.swift */ = {isa = PBXFileReference; lastKnownFileType = sourcecode.swift; path = "1904 01타일.swift"; sourceTree = "<group>"; };
		51C6579E2D82BA3400AFEB0E /* 1149 RGB거리.swift */ = {isa = PBXFileReference; lastKnownFileType = sourcecode.swift; path = "1149 RGB거리.swift"; sourceTree = "<group>"; };
		51C657A62D83FF9700AFEB0E /* 1697 숨바꼭질.swift */ = {isa = PBXFileReference; lastKnownFileType = sourcecode.swift; path = "1697 숨바꼭질.swift"; sourceTree = "<group>"; };
		51CA3B7F2D8FD63A009A7CD4 /* 2133 타일 채우기.swift */ = {isa = PBXFileReference; lastKnownFileType = sourcecode.swift; path = "2133 타일 채우기.swift"; sourceTree = "<group>"; };
		51D7137D2D7C39CF00352F98 /* SwiftAlgorithm */ = {isa = PBXFileReference; explicitFileType = "compiled.mach-o.executable"; includeInIndex = 0; path = SwiftAlgorithm; sourceTree = BUILT_PRODUCTS_DIR; };
		51D713892D7C3B3900352F98 /* main.swift */ = {isa = PBXFileReference; lastKnownFileType = sourcecode.swift; path = main.swift; sourceTree = "<group>"; };
		51D713942D7C58BC00352F98 /* 1012 유기농 배추.swift */ = {isa = PBXFileReference; lastKnownFileType = sourcecode.swift; path = "1012 유기농 배추.swift"; sourceTree = "<group>"; };
		51D713962D7C870500352F98 /* 1003 피보나치 함수.swift */ = {isa = PBXFileReference; lastKnownFileType = sourcecode.swift; path = "1003 피보나치 함수.swift"; sourceTree = "<group>"; };
		51E3B5AF2E8E5333002EA32A /* 2178 미로탐색.swift */ = {isa = PBXFileReference; lastKnownFileType = sourcecode.swift; path = "2178 미로탐색.swift"; sourceTree = "<group>"; };
		51E3B5B12E8E5E01002EA32A /* 7576 토마토.swift */ = {isa = PBXFileReference; lastKnownFileType = sourcecode.swift; path = "7576 토마토.swift"; sourceTree = "<group>"; };
		51EA48F72D87F72800695B98 /* 1389 케빈 베이컨의 6단계 법칙 .swift */ = {isa = PBXFileReference; lastKnownFileType = sourcecode.swift; path = "1389 케빈 베이컨의 6단계 법칙 .swift"; sourceTree = "<group>"; };
		51F52DBB2D93E2A1003B5018 /* 29812 아니 이게 왜 안 돼 .swift */ = {isa = PBXFileReference; lastKnownFileType = sourcecode.swift; path = "29812 아니 이게 왜 안 돼 .swift"; sourceTree = "<group>"; };
		51F8E2282DB2410900E50346 /* 15989 1, 2, 3 더하기 4.swift */ = {isa = PBXFileReference; lastKnownFileType = sourcecode.swift; path = "15989 1, 2, 3 더하기 4.swift"; sourceTree = "<group>"; };
/* End PBXFileReference section */

/* Begin PBXFrameworksBuildPhase section */
		51D7137A2D7C39CF00352F98 /* Frameworks */ = {
			isa = PBXFrameworksBuildPhase;
			buildActionMask = 2147483647;
			files = (
			);
			runOnlyForDeploymentPostprocessing = 0;
		};
/* End PBXFrameworksBuildPhase section */

/* Begin PBXGroup section */
		51D713742D7C39CF00352F98 = {
			isa = PBXGroup;
			children = (
				51D7138A2D7C3B3900352F98 /* SwiftAlgorithm */,
				51D7137E2D7C39CF00352F98 /* Products */,
			);
			sourceTree = "<group>";
		};
		51D7137E2D7C39CF00352F98 /* Products */ = {
			isa = PBXGroup;
			children = (
				51D7137D2D7C39CF00352F98 /* SwiftAlgorithm */,
			);
			name = Products;
			sourceTree = "<group>";
		};
		51D713882D7C3B3900352F98 /* Baekjoon */ = {
			isa = PBXGroup;
			children = (
				516D30B82E97A900009EC1A7 /* 11725 트리의 부모 찾기.swift */,
				51BDE5782E911DD700279A05 /* 2606 바이러스.swift */,
				51BDE5762E90E8E800279A05 /* 1753 최단경로.swift */,
				5161C3D02E8ED2EC009B3B24 /* 2805 나무 자르기.swift */,
				51E3B5B12E8E5E01002EA32A /* 7576 토마토.swift */,
				51E3B5AF2E8E5333002EA32A /* 2178 미로탐색.swift */,
				51A0CEDB2DB91C0B006620F3 /* 2665 미로만들기.swift */,
				51A0CED92DB8C631006620F3 /* 2206 벽 부수고 이동하기.swift */,
				51F8E2282DB2410900E50346 /* 15989 1, 2, 3 더하기 4.swift */,
				519C99172DA963D9004DB4B0 /* 16953 A → B.swift */,
				519589152DA39A920046E700 /* 1956 운동.swift */,
				51F52DBB2D93E2A1003B5018 /* 29812 아니 이게 왜 안 돼 .swift */,
				51C071DD2D9101F90054A606 /* 1904 01타일.swift */,
				51CA3B7F2D8FD63A009A7CD4 /* 2133 타일 채우기.swift */,
				5113EA342D8D543F00153ECD /* 1932 정수 삼각형.swift */,
				51BE66BB2D8A94D800B26546 /* 16928 뱀과 사다리 게임 .swift */,
				51EA48F72D87F72800695B98 /* 1389 케빈 베이컨의 6단계 법칙 .swift */,
				516A875F2D86C01800B3CC2F /* 1541 잃어버린 괄호.swift */,
				51C657A62D83FF9700AFEB0E /* 1697 숨바꼭질.swift */,
				51C6579E2D82BA3400AFEB0E /* 1149 RGB거리.swift */,
				51263CD92D8169D900962EF8 /* 10026 적록색약.swift */,
				51263CD72D8154EF00962EF8 /* 2667 단지번호붙이기.swift */,
				512BE4F42D801064009F6652 /* 5430 AC.swift */,
				51B923A42D7EB2F9005DFB43 /* 1931 회의실 배정.swift */,
				518B7DF62D7D8EE900B8FD67 /* 18870 좌표 압축.swift */,
				519DE7442D7D81B400CE567D /* 11404 플로이드.swift */,
				519DE73E2D7D5AD400CE567D /* 1654 랜선 자르기.swift */,
				51D713942D7C58BC00352F98 /* 1012 유기농 배추.swift */,
				51D713962D7C870500352F98 /* 1003 피보나치 함수.swift */,
			);
			path = Baekjoon;
			sourceTree = "<group>";
		};
		51D7138A2D7C3B3900352F98 /* SwiftAlgorithm */ = {
			isa = PBXGroup;
			children = (
				51D713892D7C3B3900352F98 /* main.swift */,
				51D713882D7C3B3900352F98 /* Baekjoon */,
			);
			path = SwiftAlgorithm;
			sourceTree = "<group>";
		};
/* End PBXGroup section */

/* Begin PBXNativeTarget section */
		51D7137C2D7C39CF00352F98 /* SwiftAlgorithm */ = {
			isa = PBXNativeTarget;
			buildConfigurationList = 51D713842D7C39CF00352F98 /* Build configuration list for PBXNativeTarget "SwiftAlgorithm" */;
			buildPhases = (
				51D713792D7C39CF00352F98 /* Sources */,
				51D7137A2D7C39CF00352F98 /* Frameworks */,
				51D7137B2D7C39CF00352F98 /* CopyFiles */,
			);
			buildRules = (
			);
			dependencies = (
			);
			name = SwiftAlgorithm;
			packageProductDependencies = (
			);
			productName = SwiftAlgorithm;
			productReference = 51D7137D2D7C39CF00352F98 /* SwiftAlgorithm */;
			productType = "com.apple.product-type.tool";
		};
/* End PBXNativeTarget section */

/* Begin PBXProject section */
		51D713752D7C39CF00352F98 /* Project object */ = {
			isa = PBXProject;
			attributes = {
				BuildIndependentTargetsInParallel = 1;
				LastSwiftUpdateCheck = 1620;
				LastUpgradeCheck = 1620;
				TargetAttributes = {
					51D7137C2D7C39CF00352F98 = {
						CreatedOnToolsVersion = 16.2;
					};
				};
			};
			buildConfigurationList = 51D713782D7C39CF00352F98 /* Build configuration list for PBXProject "SwiftAlgorithm" */;
			developmentRegion = en;
			hasScannedForEncodings = 0;
			knownRegions = (
				en,
				Base,
			);
			mainGroup = 51D713742D7C39CF00352F98;
			minimizedProjectReferenceProxies = 1;
			preferredProjectObjectVersion = 77;
			productRefGroup = 51D7137E2D7C39CF00352F98 /* Products */;
			projectDirPath = "";
			projectRoot = "";
			targets = (
				51D7137C2D7C39CF00352F98 /* SwiftAlgorithm */,
			);
		};
/* End PBXProject section */

/* Begin PBXSourcesBuildPhase section */
		51D713792D7C39CF00352F98 /* Sources */ = {
			isa = PBXSourcesBuildPhase;
			buildActionMask = 2147483647;
			files = (
				51EA48F82D87F73100695B98 /* 1389 케빈 베이컨의 6단계 법칙 .swift in Sources */,
				51A0CEDA2DB8C631006620F3 /* 2206 벽 부수고 이동하기.swift in Sources */,
				51A0CEDC2DB91C11006620F3 /* 2665 미로만들기.swift in Sources */,
				512BE4F52D80106D009F6652 /* 5430 AC.swift in Sources */,
				51E3B5B22E8E5E06002EA32A /* 7576 토마토.swift in Sources */,
				516D30B92E97A90A009EC1A7 /* 11725 트리의 부모 찾기.swift in Sources */,
				518B7DF72D7D8F0500B8FD67 /* 18870 좌표 압축.swift in Sources */,
				51F8E2292DB2410F00E50346 /* 15989 1, 2, 3 더하기 4.swift in Sources */,
				51E3B5B02E8E5338002EA32A /* 2178 미로탐색.swift in Sources */,
				51BE66BC2D8A94E100B26546 /* 16928 뱀과 사다리 게임 .swift in Sources */,
				516A87602D86C01C00B3CC2F /* 1541 잃어버린 괄호.swift in Sources */,
				51BDE5792E911DDC00279A05 /* 2606 바이러스.swift in Sources */,
				51BDE5772E90E8F500279A05 /* 1753 최단경로.swift in Sources */,
				5161C3D12E8ED2F5009B3B24 /* 2805 나무 자르기.swift in Sources */,
				51B923A52D7EB2FC005DFB43 /* 1931 회의실 배정.swift in Sources */,
				51263CD82D8154F100962EF8 /* 2667 단지번호붙이기.swift in Sources */,
				5113EA352D8D544200153ECD /* 1932 정수 삼각형.swift in Sources */,
				51C071DE2D9101FD0054A606 /* 1904 01타일.swift in Sources */,
				51C657A72D83FFA500AFEB0E /* 1697 숨바꼭질.swift in Sources */,
				51263CDA2D8169DE00962EF8 /* 10026 적록색약.swift in Sources */,
				519DE73F2D7D5AD900CE567D /* 1654 랜선 자르기.swift in Sources */,
				51C6579F2D82BA3B00AFEB0E /* 1149 RGB거리.swift in Sources */,
				519589162DA39A9A0046E700 /* 1956 운동.swift in Sources */,
				51D713952D7C58C600352F98 /* 1012 유기농 배추.swift in Sources */,
				51D713972D7C870900352F98 /* 1003 피보나치 함수.swift in Sources */,
				519C99182DA963DE004DB4B0 /* 16953 A → B.swift in Sources */,
				51CA3B802D8FD63C009A7CD4 /* 2133 타일 채우기.swift in Sources */,
				51F52DBC2D93E2A8003B5018 /* 29812 아니 이게 왜 안 돼 .swift in Sources */,
				519DE7452D7D81C300CE567D /* 11404 플로이드.swift in Sources */,
				51D7138B2D7C3B3900352F98 /* main.swift in Sources */,
			);
			runOnlyForDeploymentPostprocessing = 0;
		};
/* End PBXSourcesBuildPhase section */

/* Begin XCBuildConfiguration section */
		51D713822D7C39CF00352F98 /* Debug */ = {
			isa = XCBuildConfiguration;
			buildSettings = {
				ALWAYS_SEARCH_USER_PATHS = NO;
				ASSETCATALOG_COMPILER_GENERATE_SWIFT_ASSET_SYMBOL_EXTENSIONS = YES;
				CLANG_ANALYZER_NONNULL = YES;
				CLANG_ANALYZER_NUMBER_OBJECT_CONVERSION = YES_AGGRESSIVE;
				CLANG_CXX_LANGUAGE_STANDARD = "gnu++20";
				CLANG_ENABLE_MODULES = YES;
				CLANG_ENABLE_OBJC_ARC = YES;
				CLANG_ENABLE_OBJC_WEAK = YES;
				CLANG_WARN_BLOCK_CAPTURE_AUTORELEASING = YES;
				CLANG_WARN_BOOL_CONVERSION = YES;
				CLANG_WARN_COMMA = YES;
				CLANG_WARN_CONSTANT_CONVERSION = YES;
				CLANG_WARN_DEPRECATED_OBJC_IMPLEMENTATIONS = YES;
				CLANG_WARN_DIRECT_OBJC_ISA_USAGE = YES_ERROR;
				CLANG_WARN_DOCUMENTATION_COMMENTS = YES;
				CLANG_WARN_EMPTY_BODY = YES;
				CLANG_WARN_ENUM_CONVERSION = YES;
				CLANG_WARN_INFINITE_RECURSION = YES;
				CLANG_WARN_INT_CONVERSION = YES;
				CLANG_WARN_NON_LITERAL_NULL_CONVERSION = YES;
				CLANG_WARN_OBJC_IMPLICIT_RETAIN_SELF = YES;
				CLANG_WARN_OBJC_LITERAL_CONVERSION = YES;
				CLANG_WARN_OBJC_ROOT_CLASS = YES_ERROR;
				CLANG_WARN_QUOTED_INCLUDE_IN_FRAMEWORK_HEADER = YES;
				CLANG_WARN_RANGE_LOOP_ANALYSIS = YES;
				CLANG_WARN_STRICT_PROTOTYPES = YES;
				CLANG_WARN_SUSPICIOUS_MOVE = YES;
				CLANG_WARN_UNGUARDED_AVAILABILITY = YES_AGGRESSIVE;
				CLANG_WARN_UNREACHABLE_CODE = YES;
				CLANG_WARN__DUPLICATE_METHOD_MATCH = YES;
				COPY_PHASE_STRIP = NO;
				DEBUG_INFORMATION_FORMAT = dwarf;
				ENABLE_STRICT_OBJC_MSGSEND = YES;
				ENABLE_TESTABILITY = YES;
				ENABLE_USER_SCRIPT_SANDBOXING = YES;
				GCC_C_LANGUAGE_STANDARD = gnu17;
				GCC_DYNAMIC_NO_PIC = NO;
				GCC_NO_COMMON_BLOCKS = YES;
				GCC_OPTIMIZATION_LEVEL = 0;
				GCC_PREPROCESSOR_DEFINITIONS = (
					"DEBUG=1",
					"$(inherited)",
				);
				GCC_WARN_64_TO_32_BIT_CONVERSION = YES;
				GCC_WARN_ABOUT_RETURN_TYPE = YES_ERROR;
				GCC_WARN_UNDECLARED_SELECTOR = YES;
				GCC_WARN_UNINITIALIZED_AUTOS = YES_AGGRESSIVE;
				GCC_WARN_UNUSED_FUNCTION = YES;
				GCC_WARN_UNUSED_VARIABLE = YES;
				LOCALIZATION_PREFERS_STRING_CATALOGS = YES;
				MACOSX_DEPLOYMENT_TARGET = 15.2;
				MTL_ENABLE_DEBUG_INFO = INCLUDE_SOURCE;
				MTL_FAST_MATH = YES;
				ONLY_ACTIVE_ARCH = YES;
				SDKROOT = macosx;
				SWIFT_ACTIVE_COMPILATION_CONDITIONS = "DEBUG $(inherited)";
				SWIFT_OPTIMIZATION_LEVEL = "-Onone";
			};
			name = Debug;
		};
		51D713832D7C39CF00352F98 /* Release */ = {
			isa = XCBuildConfiguration;
			buildSettings = {
				ALWAYS_SEARCH_USER_PATHS = NO;
				ASSETCATALOG_COMPILER_GENERATE_SWIFT_ASSET_SYMBOL_EXTENSIONS = YES;
				CLANG_ANALYZER_NONNULL = YES;
				CLANG_ANALYZER_NUMBER_OBJECT_CONVERSION = YES_AGGRESSIVE;
				CLANG_CXX_LANGUAGE_STANDARD = "gnu++20";
				CLANG_ENABLE_MODULES = YES;
				CLANG_ENABLE_OBJC_ARC = YES;
				CLANG_ENABLE_OBJC_WEAK = YES;
				CLANG_WARN_BLOCK_CAPTURE_AUTORELEASING = YES;
				CLANG_WARN_BOOL_CONVERSION = YES;
				CLANG_WARN_COMMA = YES;
				CLANG_WARN_CONSTANT_CONVERSION = YES;
				CLANG_WARN_DEPRECATED_OBJC_IMPLEMENTATIONS = YES;
				CLANG_WARN_DIRECT_OBJC_ISA_USAGE = YES_ERROR;
				CLANG_WARN_DOCUMENTATION_COMMENTS = YES;
				CLANG_WARN_EMPTY_BODY = YES;
				CLANG_WARN_ENUM_CONVERSION = YES;
				CLANG_WARN_INFINITE_RECURSION = YES;
				CLANG_WARN_INT_CONVERSION = YES;
				CLANG_WARN_NON_LITERAL_NULL_CONVERSION = YES;
				CLANG_WARN_OBJC_IMPLICIT_RETAIN_SELF = YES;
				CLANG_WARN_OBJC_LITERAL_CONVERSION = YES;
				CLANG_WARN_OBJC_ROOT_CLASS = YES_ERROR;
				CLANG_WARN_QUOTED_INCLUDE_IN_FRAMEWORK_HEADER = YES;
				CLANG_WARN_RANGE_LOOP_ANALYSIS = YES;
				CLANG_WARN_STRICT_PROTOTYPES = YES;
				CLANG_WARN_SUSPICIOUS_MOVE = YES;
				CLANG_WARN_UNGUARDED_AVAILABILITY = YES_AGGRESSIVE;
				CLANG_WARN_UNREACHABLE_CODE = YES;
				CLANG_WARN__DUPLICATE_METHOD_MATCH = YES;
				COPY_PHASE_STRIP = NO;
				DEBUG_INFORMATION_FORMAT = "dwarf-with-dsym";
				ENABLE_NS_ASSERTIONS = NO;
				ENABLE_STRICT_OBJC_MSGSEND = YES;
				ENABLE_USER_SCRIPT_SANDBOXING = YES;
				GCC_C_LANGUAGE_STANDARD = gnu17;
				GCC_NO_COMMON_BLOCKS = YES;
				GCC_WARN_64_TO_32_BIT_CONVERSION = YES;
				GCC_WARN_ABOUT_RETURN_TYPE = YES_ERROR;
				GCC_WARN_UNDECLARED_SELECTOR = YES;
				GCC_WARN_UNINITIALIZED_AUTOS = YES_AGGRESSIVE;
				GCC_WARN_UNUSED_FUNCTION = YES;
				GCC_WARN_UNUSED_VARIABLE = YES;
				LOCALIZATION_PREFERS_STRING_CATALOGS = YES;
				MACOSX_DEPLOYMENT_TARGET = 15.2;
				MTL_ENABLE_DEBUG_INFO = NO;
				MTL_FAST_MATH = YES;
				SDKROOT = macosx;
				SWIFT_COMPILATION_MODE = wholemodule;
			};
			name = Release;
		};
		51D713852D7C39CF00352F98 /* Debug */ = {
			isa = XCBuildConfiguration;
			buildSettings = {
				CODE_SIGN_STYLE = Automatic;
				PRODUCT_NAME = "$(TARGET_NAME)";
				SWIFT_VERSION = 5.0;
			};
			name = Debug;
		};
		51D713862D7C39CF00352F98 /* Release */ = {
			isa = XCBuildConfiguration;
			buildSettings = {
				CODE_SIGN_STYLE = Automatic;
				PRODUCT_NAME = "$(TARGET_NAME)";
				SWIFT_VERSION = 5.0;
			};
			name = Release;
		};
/* End XCBuildConfiguration section */

/* Begin XCConfigurationList section */
		51D713782D7C39CF00352F98 /* Build configuration list for PBXProject "SwiftAlgorithm" */ = {
			isa = XCConfigurationList;
			buildConfigurations = (
				51D713822D7C39CF00352F98 /* Debug */,
				51D713832D7C39CF00352F98 /* Release */,
			);
			defaultConfigurationIsVisible = 0;
			defaultConfigurationName = Release;
		};
		51D713842D7C39CF00352F98 /* Build configuration list for PBXNativeTarget "SwiftAlgorithm" */ = {
			isa = XCConfigurationList;
			buildConfigurations = (
				51D713852D7C39CF00352F98 /* Debug */,
				51D713862D7C39CF00352F98 /* Release */,
			);
			defaultConfigurationIsVisible = 0;
			defaultConfigurationName = Release;
		};
/* End XCConfigurationList section */
	};
	rootObject = 51D713752D7C39CF00352F98 /* Project object */;
}
